// !$*UTF8*$!
{
	archiveVersion = 1;
	classes = {
	};
	objectVersion = 46;
	objects = {

/* Begin PBXBuildFile section */
		37C768EF1C891F93002A46C9 /* main.m in Sources */ = {isa = PBXBuildFile; fileRef = 37C768EE1C891F93002A46C9 /* main.m */; };
		37C768F21C891F93002A46C9 /* AppDelegate.m in Sources */ = {isa = PBXBuildFile; fileRef = 37C768F11C891F93002A46C9 /* AppDelegate.m */; };
		37C768F51C891F93002A46C9 /* ViewController.m in Sources */ = {isa = PBXBuildFile; fileRef = 37C768F41C891F93002A46C9 /* ViewController.m */; };
		37C768F81C891F93002A46C9 /* Main.storyboard in Resources */ = {isa = PBXBuildFile; fileRef = 37C768F61C891F93002A46C9 /* Main.storyboard */; };
		37C768FA1C891F93002A46C9 /* Assets.xcassets in Resources */ = {isa = PBXBuildFile; fileRef = 37C768F91C891F93002A46C9 /* Assets.xcassets */; };
		37C768FD1C891F93002A46C9 /* LaunchScreen.storyboard in Resources */ = {isa = PBXBuildFile; fileRef = 37C768FB1C891F93002A46C9 /* LaunchScreen.storyboard */; };
		37C769081C891F94002A46C9 /* MyFirstItemTests.m in Sources */ = {isa = PBXBuildFile; fileRef = 37C769071C891F94002A46C9 /* MyFirstItemTests.m */; };
		37C769131C891F94002A46C9 /* MyFirstItemUITests.m in Sources */ = {isa = PBXBuildFile; fileRef = 37C769121C891F94002A46C9 /* MyFirstItemUITests.m */; };
/* End PBXBuildFile section */

/* Begin PBXContainerItemProxy section */
		37C769041C891F94002A46C9 /* PBXContainerItemProxy */ = {
			isa = PBXContainerItemProxy;
			containerPortal = 37C768E21C891F93002A46C9 /* Project object */;
			proxyType = 1;
			remoteGlobalIDString = 37C768E91C891F93002A46C9;
			remoteInfo = MyFirstItem;
		};
		37C7690F1C891F94002A46C9 /* PBXContainerItemProxy */ = {
			isa = PBXContainerItemProxy;
			containerPortal = 37C768E21C891F93002A46C9 /* Project object */;
			proxyType = 1;
			remoteGlobalIDString = 37C768E91C891F93002A46C9;
			remoteInfo = MyFirstItem;
		};
/* End PBXContainerItemProxy section */

/* Begin PBXFileReference section */
		37C768EA1C891F93002A46C9 /* MyFirstItem.app */ = {isa = PBXFileReference; explicitFileType = wrapper.application; includeInIndex = 0; path = MyFirstItem.app; sourceTree = BUILT_PRODUCTS_DIR; };
		37C768EE1C891F93002A46C9 /* main.m */ = {isa = PBXFileReference; lastKnownFileType = sourcecode.c.objc; path = main.m; sourceTree = "<group>"; };
		37C768F01C891F93002A46C9 /* AppDelegate.h */ = {isa = PBXFileReference; lastKnownFileType = sourcecode.c.h; path = AppDelegate.h; sourceTree = "<group>"; };
		37C768F11C891F93002A46C9 /* AppDelegate.m */ = {isa = PBXFileReference; lastKnownFileType = sourcecode.c.objc; path = AppDelegate.m; sourceTree = "<group>"; };
		37C768F31C891F93002A46C9 /* ViewController.h */ = {isa = PBXFileReference; lastKnownFileType = sourcecode.c.h; path = ViewController.h; sourceTree = "<group>"; };
		37C768F41C891F93002A46C9 /* ViewController.m */ = {isa = PBXFileReference; lastKnownFileType = sourcecode.c.objc; path = ViewController.m; sourceTree = "<group>"; };
		37C768F71C891F93002A46C9 /* Base */ = {isa = PBXFileReference; lastKnownFileType = file.storyboard; name = Base; path = Base.lproj/Main.storyboard; sourceTree = "<group>"; };
		37C768F91C891F93002A46C9 /* Assets.xcassets */ = {isa = PBXFileReference; lastKnownFileType = folder.assetcatalog; path = Assets.xcassets; sourceTree = "<group>"; };
		37C768FC1C891F93002A46C9 /* Base */ = {isa = PBXFileReference; lastKnownFileType = file.storyboard; name = Base; path = Base.lproj/LaunchScreen.storyboard; sourceTree = "<group>"; };
		37C768FE1C891F93002A46C9 /* Info.plist */ = {isa = PBXFileReference; lastKnownFileType = text.plist.xml; path = Info.plist; sourceTree = "<group>"; };
		37C769031C891F94002A46C9 /* MyFirstItemTests.xctest */ = {isa = PBXFileReference; explicitFileType = wrapper.cfbundle; includeInIndex = 0; path = MyFirstItemTests.xctest; sourceTree = BUILT_PRODUCTS_DIR; };
		37C769071C891F94002A46C9 /* MyFirstItemTests.m */ = {isa = PBXFileReference; lastKnownFileType = sourcecode.c.objc; path = MyFirstItemTests.m; sourceTree = "<group>"; };
		37C769091C891F94002A46C9 /* Info.plist */ = {isa = PBXFileReference; lastKnownFileType = text.plist.xml; path = Info.plist; sourceTree = "<group>"; };
		37C7690E1C891F94002A46C9 /* MyFirstItemUITests.xctest */ = {isa = PBXFileReference; explicitFileType = wrapper.cfbundle; includeInIndex = 0; path = MyFirstItemUITests.xctest; sourceTree = BUILT_PRODUCTS_DIR; };
		37C769121C891F94002A46C9 /* MyFirstItemUITests.m */ = {isa = PBXFileReference; lastKnownFileType = sourcecode.c.objc; path = MyFirstItemUITests.m; sourceTree = "<group>"; };
		37C769141C891F94002A46C9 /* Info.plist */ = {isa = PBXFileReference; lastKnownFileType = text.plist.xml; path = Info.plist; sourceTree = "<group>"; };
/* End PBXFileReference section */

/* Begin PBXFrameworksBuildPhase section */
		37C768E71C891F93002A46C9 /* Frameworks */ = {
			isa = PBXFrameworksBuildPhase;
			buildActionMask = 2147483647;
			files = (
			);
			runOnlyForDeploymentPostprocessing = 0;
		};
		37C769001C891F94002A46C9 /* Frameworks */ = {
			isa = PBXFrameworksBuildPhase;
			buildActionMask = 2147483647;
			files = (
			);
			runOnlyForDeploymentPostprocessing = 0;
		};
		37C7690B1C891F94002A46C9 /* Frameworks */ = {
			isa = PBXFrameworksBuildPhase;
			buildActionMask = 2147483647;
			files = (
			);
			runOnlyForDeploymentPostprocessing = 0;
		};
/* End PBXFrameworksBuildPhase section */

/* Begin PBXGroup section */
		37C768E11C891F93002A46C9 = {
			isa = PBXGroup;
			children = (
				37C768EC1C891F93002A46C9 /* MyFirstItem */,
				37C769061C891F94002A46C9 /* MyFirstItemTests */,
				37C769111C891F94002A46C9 /* MyFirstItemUITests */,
				37C768EB1C891F93002A46C9 /* Products */,
			);
			sourceTree = "<group>";
		};
		37C768EB1C891F93002A46C9 /* Products */ = {
			isa = PBXGroup;
			children = (
				37C768EA1C891F93002A46C9 /* MyFirstItem.app */,
				37C769031C891F94002A46C9 /* MyFirstItemTests.xctest */,
				37C7690E1C891F94002A46C9 /* MyFirstItemUITests.xctest */,
			);
			name = Products;
			sourceTree = "<group>";
		};
		37C768EC1C891F93002A46C9 /* MyFirstItem */ = {
			isa = PBXGroup;
			children = (
				37C768F01C891F93002A46C9 /* AppDelegate.h */,
				37C768F11C891F93002A46C9 /* AppDelegate.m */,
				37C768F31C891F93002A46C9 /* ViewController.h */,
				37C768F41C891F93002A46C9 /* ViewController.m */,
				37C768F61C891F93002A46C9 /* Main.storyboard */,
				37C768F91C891F93002A46C9 /* Assets.xcassets */,
				37C768FB1C891F93002A46C9 /* LaunchScreen.storyboard */,
				37C768FE1C891F93002A46C9 /* Info.plist */,
				37C768ED1C891F93002A46C9 /* Supporting Files */,
			);
			path = MyFirstItem;
			sourceTree = "<group>";
		};
		37C768ED1C891F93002A46C9 /* Supporting Files */ = {
			isa = PBXGroup;
			children = (
				37C768EE1C891F93002A46C9 /* main.m */,
			);
			name = "Supporting Files";
			sourceTree = "<group>";
		};
		37C769061C891F94002A46C9 /* MyFirstItemTests */ = {
			isa = PBXGroup;
			children = (
				37C769071C891F94002A46C9 /* MyFirstItemTests.m */,
				37C769091C891F94002A46C9 /* Info.plist */,
			);
			path = MyFirstItemTests;
			sourceTree = "<group>";
		};
		37C769111C891F94002A46C9 /* MyFirstItemUITests */ = {
			isa = PBXGroup;
			children = (
				37C769121C891F94002A46C9 /* MyFirstItemUITests.m */,
				37C769141C891F94002A46C9 /* Info.plist */,
			);
			path = MyFirstItemUITests;
			sourceTree = "<group>";
		};
/* End PBXGroup section */

/* Begin PBXNativeTarget section */
		37C768E91C891F93002A46C9 /* MyFirstItem */ = {
			isa = PBXNativeTarget;
			buildConfigurationList = 37C769171C891F94002A46C9 /* Build configuration list for PBXNativeTarget "MyFirstItem" */;
			buildPhases = (
				37C768E61C891F93002A46C9 /* Sources */,
				37C768E71C891F93002A46C9 /* Frameworks */,
				37C768E81C891F93002A46C9 /* Resources */,
			);
			buildRules = (
			);
			dependencies = (
			);
			name = MyFirstItem;
			productName = MyFirstItem;
			productReference = 37C768EA1C891F93002A46C9 /* MyFirstItem.app */;
			productType = "com.apple.product-type.application";
		};
		37C769021C891F94002A46C9 /* MyFirstItemTests */ = {
			isa = PBXNativeTarget;
			buildConfigurationList = 37C7691A1C891F94002A46C9 /* Build configuration list for PBXNativeTarget "MyFirstItemTests" */;
			buildPhases = (
				37C768FF1C891F94002A46C9 /* Sources */,
				37C769001C891F94002A46C9 /* Frameworks */,
				37C769011C891F94002A46C9 /* Resources */,
			);
			buildRules = (
			);
			dependencies = (
				37C769051C891F94002A46C9 /* PBXTargetDependency */,
			);
			name = MyFirstItemTests;
			productName = MyFirstItemTests;
			productReference = 37C769031C891F94002A46C9 /* MyFirstItemTests.xctest */;
			productType = "com.apple.product-type.bundle.unit-test";
		};
		37C7690D1C891F94002A46C9 /* MyFirstItemUITests */ = {
			isa = PBXNativeTarget;
			buildConfigurationList = 37C7691D1C891F94002A46C9 /* Build configuration list for PBXNativeTarget "MyFirstItemUITests" */;
			buildPhases = (
				37C7690A1C891F94002A46C9 /* Sources */,
				37C7690B1C891F94002A46C9 /* Frameworks */,
				37C7690C1C891F94002A46C9 /* Resources */,
			);
			buildRules = (
			);
			dependencies = (
				37C769101C891F94002A46C9 /* PBXTargetDependency */,
			);
			name = MyFirstItemUITests;
			productName = MyFirstItemUITests;
			productReference = 37C7690E1C891F94002A46C9 /* MyFirstItemUITests.xctest */;
			productType = "com.apple.product-type.bundle.ui-testing";
		};
/* End PBXNativeTarget section */

/* Begin PBXProject section */
		37C768E21C891F93002A46C9 /* Project object */ = {
			isa = PBXProject;
			attributes = {
				LastUpgradeCheck = 0710;
				ORGANIZATIONNAME = scsys;
				TargetAttributes = {
					37C768E91C891F93002A46C9 = {
						CreatedOnToolsVersion = 7.1;
					};
					37C769021C891F94002A46C9 = {
						CreatedOnToolsVersion = 7.1;
						TestTargetID = 37C768E91C891F93002A46C9;
					};
					37C7690D1C891F94002A46C9 = {
						CreatedOnToolsVersion = 7.1;
						TestTargetID = 37C768E91C891F93002A46C9;
					};
				};
			};
			buildConfigurationList = 37C768E51C891F93002A46C9 /* Build configuration list for PBXProject "MyFirstItem" */;
			compatibilityVersion = "Xcode 3.2";
			developmentRegion = English;
			hasScannedForEncodings = 0;
			knownRegions = (
				en,
				Base,
			);
			mainGroup = 37C768E11C891F93002A46C9;
			productRefGroup = 37C768EB1C891F93002A46C9 /* Products */;
			projectDirPath = "";
			projectRoot = "";
			targets = (
				37C768E91C891F93002A46C9 /* MyFirstItem */,
				37C769021C891F94002A46C9 /* MyFirstItemTests */,
				37C7690D1C891F94002A46C9 /* MyFirstItemUITests */,
			);
		};
/* End PBXProject section */

/* Begin PBXResourcesBuildPhase section */
		37C768E81C891F93002A46C9 /* Resources */ = {
			isa = PBXResourcesBuildPhase;
			buildActionMask = 2147483647;
			files = (
				37C768FD1C891F93002A46C9 /* LaunchScreen.storyboard in Resources */,
				37C768FA1C891F93002A46C9 /* Assets.xcassets in Resources */,
				37C768F81C891F93002A46C9 /* Main.storyboard in Resources */,
			);
			runOnlyForDeploymentPostprocessing = 0;
		};
		37C769011C891F94002A46C9 /* Resources */ = {
			isa = PBXResourcesBuildPhase;
			buildActionMask = 2147483647;
			files = (
			);
			runOnlyForDeploymentPostprocessing = 0;
		};
		37C7690C1C891F94002A46C9 /* Resources */ = {
			isa = PBXResourcesBuildPhase;
			buildActionMask = 2147483647;
			files = (
			);
			runOnlyForDeploymentPostprocessing = 0;
		};
/* End PBXResourcesBuildPhase section */

/* Begin PBXSourcesBuildPhase section */
		37C768E61C891F93002A46C9 /* Sources */ = {
			isa = PBXSourcesBuildPhase;
			buildActionMask = 2147483647;
			files = (
				37C768F51C891F93002A46C9 /* ViewController.m in Sources */,
				37C768F21C891F93002A46C9 /* AppDelegate.m in Sources */,
				37C768EF1C891F93002A46C9 /* main.m in Sources */,
			);
			runOnlyForDeploymentPostprocessing = 0;
		};
		37C768FF1C891F94002A46C9 /* Sources */ = {
			isa = PBXSourcesBuildPhase;
			buildActionMask = 2147483647;
			files = (
				37C769081C891F94002A46C9 /* MyFirstItemTests.m in Sources */,
			);
			runOnlyForDeploymentPostprocessing = 0;
		};
		37C7690A1C891F94002A46C9 /* Sources */ = {
			isa = PBXSourcesBuildPhase;
			buildActionMask = 2147483647;
			files = (
				37C769131C891F94002A46C9 /* MyFirstItemUITests.m in Sources */,
			);
			runOnlyForDeploymentPostprocessing = 0;
		};
/* End PBXSourcesBuildPhase section */

/* Begin PBXTargetDependency section */
		37C769051C891F94002A46C9 /* PBXTargetDependency */ = {
			isa = PBXTargetDependency;
			target = 37C768E91C891F93002A46C9 /* MyFirstItem */;
			targetProxy = 37C769041C891F94002A46C9 /* PBXContainerItemProxy */;
		};
		37C769101C891F94002A46C9 /* PBXTargetDependency */ = {
			isa = PBXTargetDependency;
			target = 37C768E91C891F93002A46C9 /* MyFirstItem */;
			targetProxy = 37C7690F1C891F94002A46C9 /* PBXContainerItemProxy */;
		};
/* End PBXTargetDependency section */

/* Begin PBXVariantGroup section */
		37C768F61C891F93002A46C9 /* Main.storyboard */ = {
			isa = PBXVariantGroup;
			children = (
				37C768F71C891F93002A46C9 /* Base */,
			);
			name = Main.storyboard;
			sourceTree = "<group>";
		};
		37C768FB1C891F93002A46C9 /* LaunchScreen.storyboard */ = {
			isa = PBXVariantGroup;
			children = (
				37C768FC1C891F93002A46C9 /* Base */,
			);
			name = LaunchScreen.storyboard;
			sourceTree = "<group>";
		};
/* End PBXVariantGroup section */

/* Begin XCBuildConfiguration section */
		37C769151C891F94002A46C9 /* Debug */ = {
			isa = XCBuildConfiguration;
			buildSettings = {
				ALWAYS_SEARCH_USER_PATHS = NO;
				CLANG_CXX_LANGUAGE_STANDARD = "gnu++0x";
				CLANG_CXX_LIBRARY = "libc++";
				CLANG_ENABLE_MODULES = YES;
				CLANG_ENABLE_OBJC_ARC = YES;
				CLANG_WARN_BOOL_CONVERSION = YES;
				CLANG_WARN_CONSTANT_CONVERSION = YES;
				CLANG_WARN_DIRECT_OBJC_ISA_USAGE = YES_ERROR;
				CLANG_WARN_EMPTY_BODY = YES;
				CLANG_WARN_ENUM_CONVERSION = YES;
				CLANG_WARN_INT_CONVERSION = YES;
				CLANG_WARN_OBJC_ROOT_CLASS = YES_ERROR;
				CLANG_WARN_UNREACHABLE_CODE = YES;
				CLANG_WARN__DUPLICATE_METHOD_MATCH = YES;
				"CODE_SIGN_IDENTITY[sdk=iphoneos*]" = "iPhone Developer";
				COPY_PHASE_STRIP = NO;
				DEBUG_INFORMATION_FORMAT = dwarf;
				ENABLE_STRICT_OBJC_MSGSEND = YES;
				ENABLE_TESTABILITY = YES;
				GCC_C_LANGUAGE_STANDARD = gnu99;
				GCC_DYNAMIC_NO_PIC = NO;
				GCC_NO_COMMON_BLOCKS = YES;
				GCC_OPTIMIZATION_LEVEL = 0;
				GCC_PREPROCESSOR_DEFINITIONS = (
					"DEBUG=1",
					"$(inherited)",
				);
				GCC_WARN_64_TO_32_BIT_CONVERSION = YES;
				GCC_WARN_ABOUT_RETURN_TYPE = YES_ERROR;
				GCC_WARN_UNDECLARED_SELECTOR = YES;
				GCC_WARN_UNINITIALIZED_AUTOS = YES_AGGRESSIVE;
				GCC_WARN_UNUSED_FUNCTION = YES;
				GCC_WARN_UNUSED_VARIABLE = YES;
				IPHONEOS_DEPLOYMENT_TARGET = 9.1;
				MTL_ENABLE_DEBUG_INFO = YES;
				ONLY_ACTIVE_ARCH = YES;
				SDKROOT = iphoneos;
				TARGETED_DEVICE_FAMILY = "1,2";
			};
			name = Debug;
		};
		37C769161C891F94002A46C9 /* Release */ = {
			isa = XCBuildConfiguration;
			buildSettings = {
				ALWAYS_SEARCH_USER_PATHS = NO;
				CLANG_CXX_LANGUAGE_STANDARD = "gnu++0x";
				CLANG_CXX_LIBRARY = "libc++";
				CLANG_ENABLE_MODULES = YES;
				CLANG_ENABLE_OBJC_ARC = YES;
				CLANG_WARN_BOOL_CONVERSION = YES;
				CLANG_WARN_CONSTANT_CONVERSION = YES;
				CLANG_WARN_DIRECT_OBJC_ISA_USAGE = YES_ERROR;
				CLANG_WARN_EMPTY_BODY = YES;
				CLANG_WARN_ENUM_CONVERSION = YES;
				CLANG_WARN_INT_CONVERSION = YES;
				CLANG_WARN_OBJC_ROOT_CLASS = YES_ERROR;
				CLANG_WARN_UNREACHABLE_CODE = YES;
				CLANG_WARN__DUPLICATE_METHOD_MATCH = YES;
				"CODE_SIGN_IDENTITY[sdk=iphoneos*]" = "iPhone Developer";
				COPY_PHASE_STRIP = NO;
				DEBUG_INFORMATION_FORMAT = "dwarf-with-dsym";
				ENABLE_NS_ASSERTIONS = NO;
				ENABLE_STRICT_OBJC_MSGSEND = YES;
				GCC_C_LANGUAGE_STANDARD = gnu99;
				GCC_NO_COMMON_BLOCKS = YES;
				GCC_WARN_64_TO_32_BIT_CONVERSION = YES;
				GCC_WARN_ABOUT_RETURN_TYPE = YES_ERROR;
				GCC_WARN_UNDECLARED_SELECTOR = YES;
				GCC_WARN_UNINITIALIZED_AUTOS = YES_AGGRESSIVE;
				GCC_WARN_UNUSED_FUNCTION = YES;
				GCC_WARN_UNUSED_VARIABLE = YES;
				IPHONEOS_DEPLOYMENT_TARGET = 9.1;
				MTL_ENABLE_DEBUG_INFO = NO;
				SDKROOT = iphoneos;
				TARGETED_DEVICE_FAMILY = "1,2";
				VALIDATE_PRODUCT = YES;
			};
			name = Release;
		};
		37C769181C891F94002A46C9 /* Debug */ = {
			isa = XCBuildConfiguration;
			buildSettings = {
				ASSETCATALOG_COMPILER_APPICON_NAME = AppIcon;
				INFOPLIST_FILE = MyFirstItem/Info.plist;
				LD_RUNPATH_SEARCH_PATHS = "$(inherited) @executable_path/Frameworks";
				PRODUCT_BUNDLE_IDENTIFIER = "---.MyFirstItem";
				PRODUCT_NAME = "$(TARGET_NAME)";
			};
			name = Debug;
		};
		37C769191C891F94002A46C9 /* Release */ = {
			isa = XCBuildConfiguration;
			buildSettings = {
				ASSETCATALOG_COMPILER_APPICON_NAME = AppIcon;
				INFOPLIST_FILE = MyFirstItem/Info.plist;
				LD_RUNPATH_SEARCH_PATHS = "$(inherited) @executable_path/Frameworks";
				PRODUCT_BUNDLE_IDENTIFIER = "---.MyFirstItem";
				PRODUCT_NAME = "$(TARGET_NAME)";
			};
			name = Release;
		};
		37C7691B1C891F94002A46C9 /* Debug */ = {
			isa = XCBuildConfiguration;
			buildSettings = {
				BUNDLE_LOADER = "$(TEST_HOST)";
				INFOPLIST_FILE = MyFirstItemTests/Info.plist;
				LD_RUNPATH_SEARCH_PATHS = "$(inherited) @executable_path/Frameworks @loader_path/Frameworks";
				PRODUCT_BUNDLE_IDENTIFIER = "---.MyFirstItemTests";
				PRODUCT_NAME = "$(TARGET_NAME)";
				TEST_HOST = "$(BUILT_PRODUCTS_DIR)/MyFirstItem.app/MyFirstItem";
			};
			name = Debug;
		};
		37C7691C1C891F94002A46C9 /* Release */ = {
			isa = XCBuildConfiguration;
			buildSettings = {
				BUNDLE_LOADER = "$(TEST_HOST)";
				INFOPLIST_FILE = MyFirstItemTests/Info.plist;
				LD_RUNPATH_SEARCH_PATHS = "$(inherited) @executable_path/Frameworks @loader_path/Frameworks";
				PRODUCT_BUNDLE_IDENTIFIER = "---.MyFirstItemTests";
				PRODUCT_NAME = "$(TARGET_NAME)";
				TEST_HOST = "$(BUILT_PRODUCTS_DIR)/MyFirstItem.app/MyFirstItem";
			};
			name = Release;
		};
		37C7691E1C891F94002A46C9 /* Debug */ = {
			isa = XCBuildConfiguration;
			buildSettings = {
				INFOPLIST_FILE = MyFirstItemUITests/Info.plist;
				LD_RUNPATH_SEARCH_PATHS = "$(inherited) @executable_path/Frameworks @loader_path/Frameworks";
				PRODUCT_BUNDLE_IDENTIFIER = "---.MyFirstItemUITests";
				PRODUCT_NAME = "$(TARGET_NAME)";
				TEST_TARGET_NAME = MyFirstItem;
				USES_XCTRUNNER = YES;
			};
			name = Debug;
		};
		37C7691F1C891F94002A46C9 /* Release */ = {
			isa = XCBuildConfiguration;
			buildSettings = {
				INFOPLIST_FILE = MyFirstItemUITests/Info.plist;
				LD_RUNPATH_SEARCH_PATHS = "$(inherited) @executable_path/Frameworks @loader_path/Frameworks";
				PRODUCT_BUNDLE_IDENTIFIER = "---.MyFirstItemUITests";
				PRODUCT_NAME = "$(TARGET_NAME)";
				TEST_TARGET_NAME = MyFirstItem;
				USES_XCTRUNNER = YES;
			};
			name = Release;
		};
/* End XCBuildConfiguration section */

/* Begin XCConfigurationList section */
		37C768E51C891F93002A46C9 /* Build configuration list for PBXProject "MyFirstItem" */ = {
			isa = XCConfigurationList;
			buildConfigurations = (
				37C769151C891F94002A46C9 /* Debug */,
				37C769161C891F94002A46C9 /* Release */,
			);
			defaultConfigurationIsVisible = 0;
			defaultConfigurationName = Release;
		};
		37C769171C891F94002A46C9 /* Build configuration list for PBXNativeTarget "MyFirstItem" */ = {
			isa = XCConfigurationList;
			buildConfigurations = (
				37C769181C891F94002A46C9 /* Debug */,
				37C769191C891F94002A46C9 /* Release */,
			);
			defaultConfigurationIsVisible = 0;
		};
		37C7691A1C891F94002A46C9 /* Build configuration list for PBXNativeTarget "MyFirstItemTests" */ = {
			isa = XCConfigurationList;
			buildConfigurations = (
				37C7691B1C891F94002A46C9 /* Debug */,
				37C7691C1C891F94002A46C9 /* Release */,
			);
			defaultConfigurationIsVisible = 0;
		};
		37C7691D1C891F94002A46C9 /* Build configuration list for PBXNativeTarget "MyFirstItemUITests" */ = {
			isa = XCConfigurationList;
			buildConfigurations = (
				37C7691E1C891F94002A46C9 /* Debug */,
				37C7691F1C891F94002A46C9 /* Release */,
			);
			defaultConfigurationIsVisible = 0;
		};
/* End XCConfigurationList section */
	};
	rootObject = 37C768E21C891F93002A46C9 /* Project object */;
}
